
Microsoft Visual Studio Solution File, Format Version 12.00
# Visual Studio Version 17
VisualStudioVersion = 17.1.32210.238
MinimumVisualStudioVersion = 10.0.40219.1
Project("{9A19103F-16F7-4668-BE54-9A1E7A4F7556}") = "ScavengersRUs", "ScavengersRUs.csproj", "{B5A4D1F9-0BF0-4E49-8710-E449F9D70316}"
EndProject
Global
	GlobalSection(SolutionConfigurationPlatforms) = preSolution
		Debug|Any CPU = Debug|Any CPU
		Release|Any CPU = Release|Any CPU
	EndGlobalSection
	GlobalSection(ProjectConfigurationPlatforms) = postSolution
		{B5A4D1F9-0BF0-4E49-8710-E449F9D70316}.Debug|Any CPU.ActiveCfg = Debug|Any CPU
		{B5A4D1F9-0BF0-4E49-8710-E449F9D70316}.Debug|Any CPU.Build.0 = Debug|Any CPU
		{B5A4D1F9-0BF0-4E49-8710-E449F9D70316}.Release|Any CPU.ActiveCfg = Release|Any CPU
		{B5A4D1F9-0BF0-4E49-8710-E449F9D70316}.Release|Any CPU.Build.0 = Release|Any CPU
	EndGlobalSection
	GlobalSection(SolutionProperties) = preSolution
		HideSolutionNode = FALSE
	EndGlobalSection
	GlobalSection(ExtensibilityGlobals) = postSolution
		SolutionGuid = {8ABE05BE-8D0D-4522-A63A-0F9DFF357554}
	EndGlobalSection
EndGlobal
